
Microsoft Visual Studio Solution File, Format Version 12.00
# Visual Studio Version 17
VisualStudioVersion = 17.3.32804.467
MinimumVisualStudioVersion = 10.0.40219.1
Project("{FAE04EC0-301F-11D3-BF4B-00C04F79EFBC}") = "CoffeeAppwithMernis", "CoffeeApp\CoffeeAppwithMernis.csproj", "{4FC21075-9A32-4702-BF58-04FAADC3BF12}"
EndProject
Global
	GlobalSection(SolutionConfigurationPlatforms) = preSolution
		Debug|Any CPU = Debug|Any CPU
		Release|Any CPU = Release|Any CPU
	EndGlobalSection
	GlobalSection(ProjectConfigurationPlatforms) = postSolution
		{4FC21075-9A32-4702-BF58-04FAADC3BF12}.Debug|Any CPU.ActiveCfg = Debug|Any CPU
		{4FC21075-9A32-4702-BF58-04FAADC3BF12}.Debug|Any CPU.Build.0 = Debug|Any CPU
		{4FC21075-9A32-4702-BF58-04FAADC3BF12}.Release|Any CPU.ActiveCfg = Release|Any CPU
		{4FC21075-9A32-4702-BF58-04FAADC3BF12}.Release|Any CPU.Build.0 = Release|Any CPU
	EndGlobalSection
	GlobalSection(SolutionProperties) = preSolution
		HideSolutionNode = FALSE
	EndGlobalSection
	GlobalSection(ExtensibilityGlobals) = postSolution
		SolutionGuid = {597552BA-ACDD-4176-8102-62FA2704E9B5}
	EndGlobalSection
EndGlobal
